// !$*UTF8*$!
{
	archiveVersion = 1;
	classes = {
	};
	objectVersion = 56;
	objects = {

/* Begin PBXBuildFile section */
		F208488E2B2C4F0D00F2DF1F /* SDWebImageSwiftUI in Frameworks */ = {isa = PBXBuildFile; productRef = F208488D2B2C4F0D00F2DF1F /* SDWebImageSwiftUI */; };
		F23B48B72B473E3400F2EC60 /*  UiApplicaion+Extension.swift in Sources */ = {isa = PBXBuildFile; fileRef = F23B48B62B473E3400F2EC60 /*  UiApplicaion+Extension.swift */; };
		F263EF9A2B4A9BB600C4A56D /* ApiServiceCombine.swift in Sources */ = {isa = PBXBuildFile; fileRef = F263EF992B4A9BB600C4A56D /* ApiServiceCombine.swift */; };
		F2D266E02B284FE700671731 /* iWeatherApp.swift in Sources */ = {isa = PBXBuildFile; fileRef = F2D266DF2B284FE700671731 /* iWeatherApp.swift */; };
		F2D266E22B284FE700671731 /* ForecastView.swift in Sources */ = {isa = PBXBuildFile; fileRef = F2D266E12B284FE700671731 /* ForecastView.swift */; };
		F2D266E42B284FE800671731 /* Assets.xcassets in Resources */ = {isa = PBXBuildFile; fileRef = F2D266E32B284FE800671731 /* Assets.xcassets */; };
		F2D266E72B284FE800671731 /* Preview Assets.xcassets in Resources */ = {isa = PBXBuildFile; fileRef = F2D266E62B284FE800671731 /* Preview Assets.xcassets */; };
		F2D266EE2B28535C00671731 /* ApiService.swift in Sources */ = {isa = PBXBuildFile; fileRef = F2D266ED2B28535C00671731 /* ApiService.swift */; };
		F2D266F02B28547100671731 /* Forecast.swift in Sources */ = {isa = PBXBuildFile; fileRef = F2D266EF2B28547100671731 /* Forecast.swift */; };
		F2D266F42B29DA3800671731 /* ForecastViewModel.swift in Sources */ = {isa = PBXBuildFile; fileRef = F2D266F32B29DA3800671731 /* ForecastViewModel.swift */; };
		F2D266F62B29DA4300671731 /* ForecastListViewModel.swift in Sources */ = {isa = PBXBuildFile; fileRef = F2D266F52B29DA4300671731 /* ForecastListViewModel.swift */; };
/* End PBXBuildFile section */

/* Begin PBXFileReference section */
		F23B48B62B473E3400F2EC60 /*  UiApplicaion+Extension.swift */ = {isa = PBXFileReference; lastKnownFileType = sourcecode.swift; path = " UiApplicaion+Extension.swift"; sourceTree = "<group>"; };
		F23B48B82B481B6700F2EC60 /* Info.plist */ = {isa = PBXFileReference; lastKnownFileType = text.plist; path = Info.plist; sourceTree = "<group>"; };
		F263EF992B4A9BB600C4A56D /* ApiServiceCombine.swift */ = {isa = PBXFileReference; lastKnownFileType = sourcecode.swift; path = ApiServiceCombine.swift; sourceTree = "<group>"; };
		F2D266DC2B284FE700671731 /* iWeather.app */ = {isa = PBXFileReference; explicitFileType = wrapper.application; includeInIndex = 0; path = iWeather.app; sourceTree = BUILT_PRODUCTS_DIR; };
		F2D266DF2B284FE700671731 /* iWeatherApp.swift */ = {isa = PBXFileReference; lastKnownFileType = sourcecode.swift; path = iWeatherApp.swift; sourceTree = "<group>"; };
		F2D266E12B284FE700671731 /* ForecastView.swift */ = {isa = PBXFileReference; lastKnownFileType = sourcecode.swift; path = ForecastView.swift; sourceTree = "<group>"; };
		F2D266E32B284FE800671731 /* Assets.xcassets */ = {isa = PBXFileReference; lastKnownFileType = folder.assetcatalog; path = Assets.xcassets; sourceTree = "<group>"; };
		F2D266E62B284FE800671731 /* Preview Assets.xcassets */ = {isa = PBXFileReference; lastKnownFileType = folder.assetcatalog; path = "Preview Assets.xcassets"; sourceTree = "<group>"; };
		F2D266ED2B28535C00671731 /* ApiService.swift */ = {isa = PBXFileReference; lastKnownFileType = sourcecode.swift; path = ApiService.swift; sourceTree = "<group>"; };
		F2D266EF2B28547100671731 /* Forecast.swift */ = {isa = PBXFileReference; lastKnownFileType = sourcecode.swift; path = Forecast.swift; sourceTree = "<group>"; };
		F2D266F32B29DA3800671731 /* ForecastViewModel.swift */ = {isa = PBXFileReference; lastKnownFileType = sourcecode.swift; path = ForecastViewModel.swift; sourceTree = "<group>"; };
		F2D266F52B29DA4300671731 /* ForecastListViewModel.swift */ = {isa = PBXFileReference; lastKnownFileType = sourcecode.swift; path = ForecastListViewModel.swift; sourceTree = "<group>"; };
/* End PBXFileReference section */

/* Begin PBXFrameworksBuildPhase section */
		F2D266D92B284FE700671731 /* Frameworks */ = {
			isa = PBXFrameworksBuildPhase;
			buildActionMask = 2147483647;
			files = (
				F208488E2B2C4F0D00F2DF1F /* SDWebImageSwiftUI in Frameworks */,
			);
			runOnlyForDeploymentPostprocessing = 0;
		};
/* End PBXFrameworksBuildPhase section */

/* Begin PBXGroup section */
		F2D266D32B284FE700671731 = {
			isa = PBXGroup;
			children = (
				F2D266DE2B284FE700671731 /* iWeather */,
				F2D266DD2B284FE700671731 /* Products */,
			);
			sourceTree = "<group>";
		};
		F2D266DD2B284FE700671731 /* Products */ = {
			isa = PBXGroup;
			children = (
				F2D266DC2B284FE700671731 /* iWeather.app */,
			);
			name = Products;
			sourceTree = "<group>";
		};
		F2D266DE2B284FE700671731 /* iWeather */ = {
			isa = PBXGroup;
			children = (
				F23B48B82B481B6700F2EC60 /* Info.plist */,
				F2D266DF2B284FE700671731 /* iWeatherApp.swift */,
				F2D266E12B284FE700671731 /* ForecastView.swift */,
				F2D266EF2B28547100671731 /* Forecast.swift */,
				F2D266F32B29DA3800671731 /* ForecastViewModel.swift */,
				F2D266F52B29DA4300671731 /* ForecastListViewModel.swift */,
				F2D266ED2B28535C00671731 /* ApiService.swift */,
				F263EF992B4A9BB600C4A56D /* ApiServiceCombine.swift */,
				F23B48B62B473E3400F2EC60 /*  UiApplicaion+Extension.swift */,
				F2D266E32B284FE800671731 /* Assets.xcassets */,
				F2D266E52B284FE800671731 /* Preview Content */,
			);
			path = iWeather;
			sourceTree = "<group>";
		};
		F2D266E52B284FE800671731 /* Preview Content */ = {
			isa = PBXGroup;
			children = (
				F2D266E62B284FE800671731 /* Preview Assets.xcassets */,
			);
			path = "Preview Content";
			sourceTree = "<group>";
		};
/* End PBXGroup section */

/* Begin PBXNativeTarget section */
		F2D266DB2B284FE700671731 /* iWeather */ = {
			isa = PBXNativeTarget;
			buildConfigurationList = F2D266EA2B284FE800671731 /* Build configuration list for PBXNativeTarget "iWeather" */;
			buildPhases = (
				F2D266D82B284FE700671731 /* Sources */,
				F2D266D92B284FE700671731 /* Frameworks */,
				F2D266DA2B284FE700671731 /* Resources */,
			);
			buildRules = (
			);
			dependencies = (
			);
			name = iWeather;
			packageProductDependencies = (
				F208488D2B2C4F0D00F2DF1F /* SDWebImageSwiftUI */,
			);
			productName = iWeather;
			productReference = F2D266DC2B284FE700671731 /* iWeather.app */;
			productType = "com.apple.product-type.application";
		};
/* End PBXNativeTarget section */

/* Begin PBXProject section */
		F2D266D42B284FE700671731 /* Project object */ = {
			isa = PBXProject;
			attributes = {
				BuildIndependentTargetsInParallel = 1;
				LastSwiftUpdateCheck = 1500;
				LastUpgradeCheck = 1500;
				TargetAttributes = {
					F2D266DB2B284FE700671731 = {
						CreatedOnToolsVersion = 15.0.1;
					};
				};
			};
			buildConfigurationList = F2D266D72B284FE700671731 /* Build configuration list for PBXProject "iWeather" */;
			compatibilityVersion = "Xcode 14.0";
			developmentRegion = en;
			hasScannedForEncodings = 0;
			knownRegions = (
				en,
				Base,
			);
			mainGroup = F2D266D32B284FE700671731;
			packageReferences = (
				F208488C2B2C4F0D00F2DF1F /* XCRemoteSwiftPackageReference "SDWebImageSwiftUI" */,
			);
			productRefGroup = F2D266DD2B284FE700671731 /* Products */;
			projectDirPath = "";
			projectRoot = "";
			targets = (
				F2D266DB2B284FE700671731 /* iWeather */,
			);
		};
/* End PBXProject section */

/* Begin PBXResourcesBuildPhase section */
		F2D266DA2B284FE700671731 /* Resources */ = {
			isa = PBXResourcesBuildPhase;
			buildActionMask = 2147483647;
			files = (
				F2D266E72B284FE800671731 /* Preview Assets.xcassets in Resources */,
				F2D266E42B284FE800671731 /* Assets.xcassets in Resources */,
			);
			runOnlyForDeploymentPostprocessing = 0;
		};
/* End PBXResourcesBuildPhase section */

/* Begin PBXSourcesBuildPhase section */
		F2D266D82B284FE700671731 /* Sources */ = {
			isa = PBXSourcesBuildPhase;
			buildActionMask = 2147483647;
			files = (
				F2D266F02B28547100671731 /* Forecast.swift in Sources */,
				F2D266E22B284FE700671731 /* ForecastView.swift in Sources */,
				F263EF9A2B4A9BB600C4A56D /* ApiServiceCombine.swift in Sources */,
				F2D266E02B284FE700671731 /* iWeatherApp.swift in Sources */,
				F23B48B72B473E3400F2EC60 /*  UiApplicaion+Extension.swift in Sources */,
				F2D266EE2B28535C00671731 /* ApiService.swift in Sources */,
				F2D266F42B29DA3800671731 /* ForecastViewModel.swift in Sources */,
				F2D266F62B29DA4300671731 /* ForecastListViewModel.swift in Sources */,
			);
			runOnlyForDeploymentPostprocessing = 0;
		};
/* End PBXSourcesBuildPhase section */

/* Begin XCBuildConfiguration section */
		F2D266E82B284FE800671731 /* Debug */ = {
			isa = XCBuildConfiguration;
			buildSettings = {
				ALWAYS_SEARCH_USER_PATHS = NO;
				ASSETCATALOG_COMPILER_GENERATE_SWIFT_ASSET_SYMBOL_EXTENSIONS = YES;
				CLANG_ANALYZER_NONNULL = YES;
				CLANG_ANALYZER_NUMBER_OBJECT_CONVERSION = YES_AGGRESSIVE;
				CLANG_CXX_LANGUAGE_STANDARD = "gnu++20";
				CLANG_ENABLE_MODULES = YES;
				CLANG_ENABLE_OBJC_ARC = YES;
				CLANG_ENABLE_OBJC_WEAK = YES;
				CLANG_WARN_BLOCK_CAPTURE_AUTORELEASING = YES;
				CLANG_WARN_BOOL_CONVERSION = YES;
				CLANG_WARN_COMMA = YES;
				CLANG_WARN_CONSTANT_CONVERSION = YES;
				CLANG_WARN_DEPRECATED_OBJC_IMPLEMENTATIONS = YES;
				CLANG_WARN_DIRECT_OBJC_ISA_USAGE = YES_ERROR;
				CLANG_WARN_DOCUMENTATION_COMMENTS = YES;
				CLANG_WARN_EMPTY_BODY = YES;
				CLANG_WARN_ENUM_CONVERSION = YES;
				CLANG_WARN_INFINITE_RECURSION = YES;
				CLANG_WARN_INT_CONVERSION = YES;
				CLANG_WARN_NON_LITERAL_NULL_CONVERSION = YES;
				CLANG_WARN_OBJC_IMPLICIT_RETAIN_SELF = YES;
				CLANG_WARN_OBJC_LITERAL_CONVERSION = YES;
				CLANG_WARN_OBJC_ROOT_CLASS = YES_ERROR;
				CLANG_WARN_QUOTED_INCLUDE_IN_FRAMEWORK_HEADER = YES;
				CLANG_WARN_RANGE_LOOP_ANALYSIS = YES;
				CLANG_WARN_STRICT_PROTOTYPES = YES;
				CLANG_WARN_SUSPICIOUS_MOVE = YES;
				CLANG_WARN_UNGUARDED_AVAILABILITY = YES_AGGRESSIVE;
				CLANG_WARN_UNREACHABLE_CODE = YES;
				CLANG_WARN__DUPLICATE_METHOD_MATCH = YES;
				COPY_PHASE_STRIP = NO;
				DEBUG_INFORMATION_FORMAT = dwarf;
				ENABLE_STRICT_OBJC_MSGSEND = YES;
				ENABLE_TESTABILITY = YES;
				ENABLE_USER_SCRIPT_SANDBOXING = YES;
				GCC_C_LANGUAGE_STANDARD = gnu17;
				GCC_DYNAMIC_NO_PIC = NO;
				GCC_NO_COMMON_BLOCKS = YES;
				GCC_OPTIMIZATION_LEVEL = 0;
				GCC_PREPROCESSOR_DEFINITIONS = (
					"DEBUG=1",
					"$(inherited)",
				);
				GCC_WARN_64_TO_32_BIT_CONVERSION = YES;
				GCC_WARN_ABOUT_RETURN_TYPE = YES_ERROR;
				GCC_WARN_UNDECLARED_SELECTOR = YES;
				GCC_WARN_UNINITIALIZED_AUTOS = YES_AGGRESSIVE;
				GCC_WARN_UNUSED_FUNCTION = YES;
				GCC_WARN_UNUSED_VARIABLE = YES;
				IPHONEOS_DEPLOYMENT_TARGET = 17.0;
				LOCALIZATION_PREFERS_STRING_CATALOGS = YES;
				MTL_ENABLE_DEBUG_INFO = INCLUDE_SOURCE;
				MTL_FAST_MATH = YES;
				ONLY_ACTIVE_ARCH = YES;
				SDKROOT = iphoneos;
				SWIFT_ACTIVE_COMPILATION_CONDITIONS = "DEBUG $(inherited)";
				SWIFT_OPTIMIZATION_LEVEL = "-Onone";
			};
			name = Debug;
		};
		F2D266E92B284FE800671731 /* Release */ = {
			isa = XCBuildConfiguration;
			buildSettings = {
				ALWAYS_SEARCH_USER_PATHS = NO;
				ASSETCATALOG_COMPILER_GENERATE_SWIFT_ASSET_SYMBOL_EXTENSIONS = YES;
				CLANG_ANALYZER_NONNULL = YES;
				CLANG_ANALYZER_NUMBER_OBJECT_CONVERSION = YES_AGGRESSIVE;
				CLANG_CXX_LANGUAGE_STANDARD = "gnu++20";
				CLANG_ENABLE_MODULES = YES;
				CLANG_ENABLE_OBJC_ARC = YES;
				CLANG_ENABLE_OBJC_WEAK = YES;
				CLANG_WARN_BLOCK_CAPTURE_AUTORELEASING = YES;
				CLANG_WARN_BOOL_CONVERSION = YES;
				CLANG_WARN_COMMA = YES;
				CLANG_WARN_CONSTANT_CONVERSION = YES;
				CLANG_WARN_DEPRECATED_OBJC_IMPLEMENTATIONS = YES;
				CLANG_WARN_DIRECT_OBJC_ISA_USAGE = YES_ERROR;
				CLANG_WARN_DOCUMENTATION_COMMENTS = YES;
				CLANG_WARN_EMPTY_BODY = YES;
				CLANG_WARN_ENUM_CONVERSION = YES;
				CLANG_WARN_INFINITE_RECURSION = YES;
				CLANG_WARN_INT_CONVERSION = YES;
				CLANG_WARN_NON_LITERAL_NULL_CONVERSION = YES;
				CLANG_WARN_OBJC_IMPLICIT_RETAIN_SELF = YES;
				CLANG_WARN_OBJC_LITERAL_CONVERSION = YES;
				CLANG_WARN_OBJC_ROOT_CLASS = YES_ERROR;
				CLANG_WARN_QUOTED_INCLUDE_IN_FRAMEWORK_HEADER = YES;
				CLANG_WARN_RANGE_LOOP_ANALYSIS = YES;
				CLANG_WARN_STRICT_PROTOTYPES = YES;
				CLANG_WARN_SUSPICIOUS_MOVE = YES;
				CLANG_WARN_UNGUARDED_AVAILABILITY = YES_AGGRESSIVE;
				CLANG_WARN_UNREACHABLE_CODE = YES;
				CLANG_WARN__DUPLICATE_METHOD_MATCH = YES;
				COPY_PHASE_STRIP = NO;
				DEBUG_INFORMATION_FORMAT = "dwarf-with-dsym";
				ENABLE_NS_ASSERTIONS = NO;
				ENABLE_STRICT_OBJC_MSGSEND = YES;
				ENABLE_USER_SCRIPT_SANDBOXING = YES;
				GCC_C_LANGUAGE_STANDARD = gnu17;
				GCC_NO_COMMON_BLOCKS = YES;
				GCC_WARN_64_TO_32_BIT_CONVERSION = YES;
				GCC_WARN_ABOUT_RETURN_TYPE = YES_ERROR;
				GCC_WARN_UNDECLARED_SELECTOR = YES;
				GCC_WARN_UNINITIALIZED_AUTOS = YES_AGGRESSIVE;
				GCC_WARN_UNUSED_FUNCTION = YES;
				GCC_WARN_UNUSED_VARIABLE = YES;
				IPHONEOS_DEPLOYMENT_TARGET = 17.0;
				LOCALIZATION_PREFERS_STRING_CATALOGS = YES;
				MTL_ENABLE_DEBUG_INFO = NO;
				MTL_FAST_MATH = YES;
				SDKROOT = iphoneos;
				SWIFT_COMPILATION_MODE = wholemodule;
				VALIDATE_PRODUCT = YES;
			};
			name = Release;
		};
		F2D266EB2B284FE800671731 /* Debug */ = {
			isa = XCBuildConfiguration;
			buildSettings = {
				ASSETCATALOG_COMPILER_APPICON_NAME = AppIcon;
				ASSETCATALOG_COMPILER_GLOBAL_ACCENT_COLOR_NAME = AccentColor;
				CODE_SIGN_STYLE = Automatic;
				CURRENT_PROJECT_VERSION = 1;
				DEVELOPMENT_ASSET_PATHS = "\"iWeather/Preview Content\"";
				DEVELOPMENT_TEAM = DFF6RWX7DD;
				ENABLE_PREVIEWS = YES;
				GENERATE_INFOPLIST_FILE = YES;
				INFOPLIST_FILE = iWeather/Info.plist;
				INFOPLIST_KEY_UIApplicationSceneManifest_Generation = YES;
				INFOPLIST_KEY_UIApplicationSupportsIndirectInputEvents = YES;
				INFOPLIST_KEY_UISupportedInterfaceOrientations_iPad = "UIInterfaceOrientationPortrait UIInterfaceOrientationPortraitUpsideDown UIInterfaceOrientationLandscapeLeft UIInterfaceOrientationLandscapeRight";
				INFOPLIST_KEY_UISupportedInterfaceOrientations_iPhone = "UIInterfaceOrientationPortrait UIInterfaceOrientationLandscapeLeft UIInterfaceOrientationLandscapeRight";
				LD_RUNPATH_SEARCH_PATHS = (
					"$(inherited)",
					"@executable_path/Frameworks",
				);
				MARKETING_VERSION = 1.0;
				PRODUCT_BUNDLE_IDENTIFIER = "Shady-Adel.iWeather";
				PRODUCT_NAME = "$(TARGET_NAME)";
				SWIFT_EMIT_LOC_STRINGS = YES;
				SWIFT_VERSION = 5.0;
				TARGETED_DEVICE_FAMILY = "1,2";
			};
			name = Debug;
		};
		F2D266EC2B284FE800671731 /* Release */ = {
			isa = XCBuildConfiguration;
			buildSettings = {
				ASSETCATALOG_COMPILER_APPICON_NAME = AppIcon;
				ASSETCATALOG_COMPILER_GLOBAL_ACCENT_COLOR_NAME = AccentColor;
				CODE_SIGN_STYLE = Automatic;
				CURRENT_PROJECT_VERSION = 1;
				DEVELOPMENT_ASSET_PATHS = "\"iWeather/Preview Content\"";
				DEVELOPMENT_TEAM = DFF6RWX7DD;
				ENABLE_PREVIEWS = YES;
				GENERATE_INFOPLIST_FILE = YES;
				INFOPLIST_FILE = iWeather/Info.plist;
				INFOPLIST_KEY_UIApplicationSceneManifest_Generation = YES;
				INFOPLIST_KEY_UIApplicationSupportsIndirectInputEvents = YES;
				INFOPLIST_KEY_UISupportedInterfaceOrientations_iPad = "UIInterfaceOrientationPortrait UIInterfaceOrientationPortraitUpsideDown UIInterfaceOrientationLandscapeLeft UIInterfaceOrientationLandscapeRight";
				INFOPLIST_KEY_UISupportedInterfaceOrientations_iPhone = "UIInterfaceOrientationPortrait UIInterfaceOrientationLandscapeLeft UIInterfaceOrientationLandscapeRight";
				LD_RUNPATH_SEARCH_PATHS = (
					"$(inherited)",
					"@executable_path/Frameworks",
				);
				MARKETING_VERSION = 1.0;
				PRODUCT_BUNDLE_IDENTIFIER = "Shady-Adel.iWeather";
				PRODUCT_NAME = "$(TARGET_NAME)";
				SWIFT_EMIT_LOC_STRINGS = YES;
				SWIFT_VERSION = 5.0;
				TARGETED_DEVICE_FAMILY = "1,2";
			};
			name = Release;
		};
/* End XCBuildConfiguration section */

/* Begin XCConfigurationList section */
		F2D266D72B284FE700671731 /* Build configuration list for PBXProject "iWeather" */ = {
			isa = XCConfigurationList;
			buildConfigurations = (
				F2D266E82B284FE800671731 /* Debug */,
				F2D266E92B284FE800671731 /* Release */,
			);
			defaultConfigurationIsVisible = 0;
			defaultConfigurationName = Release;
		};
		F2D266EA2B284FE800671731 /* Build configuration list for PBXNativeTarget "iWeather" */ = {
			isa = XCConfigurationList;
			buildConfigurations = (
				F2D266EB2B284FE800671731 /* Debug */,
				F2D266EC2B284FE800671731 /* Release */,
			);
			defaultConfigurationIsVisible = 0;
			defaultConfigurationName = Release;
		};
/* End XCConfigurationList section */

/* Begin XCRemoteSwiftPackageReference section */
		F208488C2B2C4F0D00F2DF1F /* XCRemoteSwiftPackageReference "SDWebImageSwiftUI" */ = {
			isa = XCRemoteSwiftPackageReference;
			repositoryURL = "https://github.com/SDWebImage/SDWebImageSwiftUI.git";
			requirement = {
				kind = upToNextMajorVersion;
				minimumVersion = 2.2.6;
			};
		};
/* End XCRemoteSwiftPackageReference section */

/* Begin XCSwiftPackageProductDependency section */
		F208488D2B2C4F0D00F2DF1F /* SDWebImageSwiftUI */ = {
			isa = XCSwiftPackageProductDependency;
			package = F208488C2B2C4F0D00F2DF1F /* XCRemoteSwiftPackageReference "SDWebImageSwiftUI" */;
			productName = SDWebImageSwiftUI;
		};
/* End XCSwiftPackageProductDependency section */
	};
	rootObject = F2D266D42B284FE700671731 /* Project object */;
}
